
Microsoft Visual Studio Solution File, Format Version 12.00
# Visual Studio Version 16
VisualStudioVersion = 16.0.29806.167
MinimumVisualStudioVersion = 10.0.40219.1
Project("{FAE04EC0-301F-11D3-BF4B-00C04F79EFBC}") = "Client", "Client\Client.csproj", "{DD4CBF84-6923-4765-9AAA-41E2BA7CAD32}"
	ProjectSection(ProjectDependencies) = postProject
		{30F47679-9D2D-44E3-ACAE-60A9CA4C3FBC} = {30F47679-9D2D-44E3-ACAE-60A9CA4C3FBC}
	EndProjectSection
EndProject
Project("{FAE04EC0-301F-11D3-BF4B-00C04F79EFBC}") = "Server", "Server\Server.csproj", "{30F47679-9D2D-44E3-ACAE-60A9CA4C3FBC}"
EndProject
Global
	GlobalSection(SolutionConfigurationPlatforms) = preSolution
		Debug|Any CPU = Debug|Any CPU
		Release|Any CPU = Release|Any CPU
	EndGlobalSection
	GlobalSection(ProjectConfigurationPlatforms) = postSolution
		{DD4CBF84-6923-4765-9AAA-41E2BA7CAD32}.Debug|Any CPU.ActiveCfg = Debug|Any CPU
		{DD4CBF84-6923-4765-9AAA-41E2BA7CAD32}.Debug|Any CPU.Build.0 = Debug|Any CPU
		{DD4CBF84-6923-4765-9AAA-41E2BA7CAD32}.Release|Any CPU.ActiveCfg = Release|Any CPU
		{DD4CBF84-6923-4765-9AAA-41E2BA7CAD32}.Release|Any CPU.Build.0 = Release|Any CPU
		{30F47679-9D2D-44E3-ACAE-60A9CA4C3FBC}.Debug|Any CPU.ActiveCfg = Debug|Any CPU
		{30F47679-9D2D-44E3-ACAE-60A9CA4C3FBC}.Debug|Any CPU.Build.0 = Debug|Any CPU
		{30F47679-9D2D-44E3-ACAE-60A9CA4C3FBC}.Release|Any CPU.ActiveCfg = Release|Any CPU
		{30F47679-9D2D-44E3-ACAE-60A9CA4C3FBC}.Release|Any CPU.Build.0 = Release|Any CPU
	EndGlobalSection
	GlobalSection(SolutionProperties) = preSolution
		HideSolutionNode = FALSE
	EndGlobalSection
	GlobalSection(ExtensibilityGlobals) = postSolution
		SolutionGuid = {1B1CCCB0-B0FD-4DD4-872C-6E5EA3DF7C43}
	EndGlobalSection
EndGlobal
